
Microsoft Visual Studio Solution File, Format Version 12.00
Project("{FAE04EC0-301F-11D3-BF4B-00C04F79EFBC}") = "SignalRPlayground.Web", "SignalRPlayground.Web\SignalRPlayground.Web.csproj", "{49733142-7601-46DE-BB96-4840BB5BC8E9}"
EndProject
Project("{FAE04EC0-301F-11D3-BF4B-00C04F79EFBC}") = "SignalRPlayground.Web.Tests", "SignalRPlayground.Web.Tests\SignalRPlayground.Web.Tests.csproj", "{AFED5C83-4108-4F12-9295-F943344C954D}"
EndProject
Project("{FAE04EC0-301F-11D3-BF4B-00C04F79EFBC}") = "SignalRPlayground.Data.Models", "SignalRPlayground.Data.Models\SignalRPlayground.Data.Models.csproj", "{CA0940F2-0224-43BF-A848-46EADC974357}"
EndProject
Project("{FAE04EC0-301F-11D3-BF4B-00C04F79EFBC}") = "SignalRPlayground.UserTools", "SignalRPlayground.UserTools\SignalRPlayground.UserTools.csproj", "{56F2145D-6617-4918-8EDE-D0E27CB07834}"
EndProject
Project("{FAE04EC0-301F-11D3-BF4B-00C04F79EFBC}") = "SignalRPlayground.UserTools.Tests", "SignalRPlayground.UserTools.Tests\SignalRPlayground.UserTools.Tests.csproj", "{6D4A1388-F7F3-480F-B101-B458C6E9F976}"
EndProject
Global
	GlobalSection(SolutionConfigurationPlatforms) = preSolution
		Debug|Any CPU = Debug|Any CPU
		Release|Any CPU = Release|Any CPU
	EndGlobalSection
	GlobalSection(ProjectConfigurationPlatforms) = postSolution
		{49733142-7601-46DE-BB96-4840BB5BC8E9}.Debug|Any CPU.ActiveCfg = Debug|Any CPU
		{49733142-7601-46DE-BB96-4840BB5BC8E9}.Debug|Any CPU.Build.0 = Debug|Any CPU
		{49733142-7601-46DE-BB96-4840BB5BC8E9}.Release|Any CPU.ActiveCfg = Release|Any CPU
		{49733142-7601-46DE-BB96-4840BB5BC8E9}.Release|Any CPU.Build.0 = Release|Any CPU
		{AFED5C83-4108-4F12-9295-F943344C954D}.Debug|Any CPU.ActiveCfg = Debug|Any CPU
		{AFED5C83-4108-4F12-9295-F943344C954D}.Debug|Any CPU.Build.0 = Debug|Any CPU
		{AFED5C83-4108-4F12-9295-F943344C954D}.Release|Any CPU.ActiveCfg = Release|Any CPU
		{AFED5C83-4108-4F12-9295-F943344C954D}.Release|Any CPU.Build.0 = Release|Any CPU
		{CA0940F2-0224-43BF-A848-46EADC974357}.Debug|Any CPU.ActiveCfg = Debug|Any CPU
		{CA0940F2-0224-43BF-A848-46EADC974357}.Debug|Any CPU.Build.0 = Debug|Any CPU
		{CA0940F2-0224-43BF-A848-46EADC974357}.Release|Any CPU.ActiveCfg = Release|Any CPU
		{CA0940F2-0224-43BF-A848-46EADC974357}.Release|Any CPU.Build.0 = Release|Any CPU
		{56F2145D-6617-4918-8EDE-D0E27CB07834}.Debug|Any CPU.ActiveCfg = Debug|Any CPU
		{56F2145D-6617-4918-8EDE-D0E27CB07834}.Debug|Any CPU.Build.0 = Debug|Any CPU
		{56F2145D-6617-4918-8EDE-D0E27CB07834}.Release|Any CPU.ActiveCfg = Release|Any CPU
		{56F2145D-6617-4918-8EDE-D0E27CB07834}.Release|Any CPU.Build.0 = Release|Any CPU
		{6D4A1388-F7F3-480F-B101-B458C6E9F976}.Debug|Any CPU.ActiveCfg = Debug|Any CPU
		{6D4A1388-F7F3-480F-B101-B458C6E9F976}.Debug|Any CPU.Build.0 = Debug|Any CPU
		{6D4A1388-F7F3-480F-B101-B458C6E9F976}.Release|Any CPU.ActiveCfg = Release|Any CPU
		{6D4A1388-F7F3-480F-B101-B458C6E9F976}.Release|Any CPU.Build.0 = Release|Any CPU
	EndGlobalSection
EndGlobal
